// !$*UTF8*$!
{
	archiveVersion = 1;
	classes = {
	};
	objectVersion = 50;
	objects = {

/* Begin PBXBuildFile section */
		2FD3829D1CB39A6C000E79D5 /* Grab.cpp in Sources */ = {isa = PBXBuildFile; fileRef = 2FD3829C1CB39A6C000E79D5 /* Grab.cpp */; };
		2FD3829F1CB39A8D000E79D5 /* pylon.framework in Frameworks */ = {isa = PBXBuildFile; fileRef = 2FD3829E1CB39A8D000E79D5 /* pylon.framework */; };
		6005F760272288B8005839D6 /* TCPClient.cpp in Sources */ = {isa = PBXBuildFile; fileRef = 6005F75E272288B8005839D6 /* TCPClient.cpp */; };
		601A6753270FD7B100A00C17 /* match.cpp in Sources */ = {isa = PBXBuildFile; fileRef = 601A6752270FD7B100A00C17 /* match.cpp */; };
		601A6755270FD7BB00A00C17 /* socket.cpp in Sources */ = {isa = PBXBuildFile; fileRef = 601A6754270FD7BB00A00C17 /* socket.cpp */; };
		60AB819D2738BF760090026F /* libopencv_line_descriptor.4.5.3.dylib in Frameworks */ = {isa = PBXBuildFile; fileRef = 60AB81652738BF740090026F /* libopencv_line_descriptor.4.5.3.dylib */; };
		60AB819E2738BF760090026F /* libopencv_line_descriptor.4.5.3.dylib in Embed Libraries */ = {isa = PBXBuildFile; fileRef = 60AB81652738BF740090026F /* libopencv_line_descriptor.4.5.3.dylib */; settings = {ATTRIBUTES = (CodeSignOnCopy, ); }; };
		60AB819F2738BF760090026F /* libopencv_ml.4.5.3.dylib in Frameworks */ = {isa = PBXBuildFile; fileRef = 60AB81662738BF740090026F /* libopencv_ml.4.5.3.dylib */; };
		60AB81A02738BF760090026F /* libopencv_ml.4.5.3.dylib in Embed Libraries */ = {isa = PBXBuildFile; fileRef = 60AB81662738BF740090026F /* libopencv_ml.4.5.3.dylib */; settings = {ATTRIBUTES = (CodeSignOnCopy, ); }; };
		60AB81A12738BF760090026F /* libopencv_core.4.5.3.dylib in Frameworks */ = {isa = PBXBuildFile; fileRef = 60AB81672738BF740090026F /* libopencv_core.4.5.3.dylib */; };
		60AB81A22738BF760090026F /* libopencv_core.4.5.3.dylib in Embed Libraries */ = {isa = PBXBuildFile; fileRef = 60AB81672738BF740090026F /* libopencv_core.4.5.3.dylib */; settings = {ATTRIBUTES = (CodeSignOnCopy, ); }; };
		60AB81A32738BF760090026F /* libopencv_dpm.4.5.3.dylib in Frameworks */ = {isa = PBXBuildFile; fileRef = 60AB81682738BF740090026F /* libopencv_dpm.4.5.3.dylib */; };
		60AB81A42738BF760090026F /* libopencv_dpm.4.5.3.dylib in Embed Libraries */ = {isa = PBXBuildFile; fileRef = 60AB81682738BF740090026F /* libopencv_dpm.4.5.3.dylib */; settings = {ATTRIBUTES = (CodeSignOnCopy, ); }; };
		60AB81A52738BF760090026F /* libopencv_highgui.4.5.3.dylib in Frameworks */ = {isa = PBXBuildFile; fileRef = 60AB81692738BF740090026F /* libopencv_highgui.4.5.3.dylib */; };
		60AB81A62738BF760090026F /* libopencv_highgui.4.5.3.dylib in Embed Libraries */ = {isa = PBXBuildFile; fileRef = 60AB81692738BF740090026F /* libopencv_highgui.4.5.3.dylib */; settings = {ATTRIBUTES = (CodeSignOnCopy, ); }; };
		60AB81A72738BF760090026F /* libopencv_gapi.4.5.3.dylib in Frameworks */ = {isa = PBXBuildFile; fileRef = 60AB816A2738BF740090026F /* libopencv_gapi.4.5.3.dylib */; };
		60AB81A82738BF760090026F /* libopencv_gapi.4.5.3.dylib in Embed Libraries */ = {isa = PBXBuildFile; fileRef = 60AB816A2738BF740090026F /* libopencv_gapi.4.5.3.dylib */; settings = {ATTRIBUTES = (CodeSignOnCopy, ); }; };
		60AB81A92738BF760090026F /* libopencv_datasets.4.5.3.dylib in Frameworks */ = {isa = PBXBuildFile; fileRef = 60AB816B2738BF740090026F /* libopencv_datasets.4.5.3.dylib */; };
		60AB81AA2738BF760090026F /* libopencv_datasets.4.5.3.dylib in Embed Libraries */ = {isa = PBXBuildFile; fileRef = 60AB816B2738BF740090026F /* libopencv_datasets.4.5.3.dylib */; settings = {ATTRIBUTES = (CodeSignOnCopy, ); }; };
		60AB81AB2738BF760090026F /* libopencv_dnn_objdetect.4.5.3.dylib in Frameworks */ = {isa = PBXBuildFile; fileRef = 60AB816C2738BF740090026F /* libopencv_dnn_objdetect.4.5.3.dylib */; };
		60AB81AC2738BF760090026F /* libopencv_dnn_objdetect.4.5.3.dylib in Embed Libraries */ = {isa = PBXBuildFile; fileRef = 60AB816C2738BF740090026F /* libopencv_dnn_objdetect.4.5.3.dylib */; settings = {ATTRIBUTES = (CodeSignOnCopy, ); }; };
		60AB81AD2738BF760090026F /* libopencv_features2d.4.5.3.dylib in Frameworks */ = {isa = PBXBuildFile; fileRef = 60AB816D2738BF740090026F /* libopencv_features2d.4.5.3.dylib */; };
		60AB81AE2738BF760090026F /* libopencv_features2d.4.5.3.dylib in Embed Libraries */ = {isa = PBXBuildFile; fileRef = 60AB816D2738BF740090026F /* libopencv_features2d.4.5.3.dylib */; settings = {ATTRIBUTES = (CodeSignOnCopy, ); }; };
		60AB81AF2738BF760090026F /* libopencv_img_hash.4.5.3.dylib in Frameworks */ = {isa = PBXBuildFile; fileRef = 60AB816E2738BF740090026F /* libopencv_img_hash.4.5.3.dylib */; };
		60AB81B02738BF760090026F /* libopencv_img_hash.4.5.3.dylib in Embed Libraries */ = {isa = PBXBuildFile; fileRef = 60AB816E2738BF740090026F /* libopencv_img_hash.4.5.3.dylib */; settings = {ATTRIBUTES = (CodeSignOnCopy, ); }; };
		60AB81B12738BF760090026F /* libopencv_sfm.4.5.3.dylib in Frameworks */ = {isa = PBXBuildFile; fileRef = 60AB816F2738BF740090026F /* libopencv_sfm.4.5.3.dylib */; };
		60AB81B22738BF760090026F /* libopencv_sfm.4.5.3.dylib in Embed Libraries */ = {isa = PBXBuildFile; fileRef = 60AB816F2738BF740090026F /* libopencv_sfm.4.5.3.dylib */; settings = {ATTRIBUTES = (CodeSignOnCopy, ); }; };
		60AB81B32738BF760090026F /* libopencv_reg.4.5.3.dylib in Frameworks */ = {isa = PBXBuildFile; fileRef = 60AB81702738BF740090026F /* libopencv_reg.4.5.3.dylib */; };
		60AB81B42738BF760090026F /* libopencv_reg.4.5.3.dylib in Embed Libraries */ = {isa = PBXBuildFile; fileRef = 60AB81702738BF740090026F /* libopencv_reg.4.5.3.dylib */; settings = {ATTRIBUTES = (CodeSignOnCopy, ); }; };
		60AB81B52738BF760090026F /* libopencv_dnn.4.5.3.dylib in Frameworks */ = {isa = PBXBuildFile; fileRef = 60AB81712738BF740090026F /* libopencv_dnn.4.5.3.dylib */; };
		60AB81B62738BF760090026F /* libopencv_dnn.4.5.3.dylib in Embed Libraries */ = {isa = PBXBuildFile; fileRef = 60AB81712738BF740090026F /* libopencv_dnn.4.5.3.dylib */; settings = {ATTRIBUTES = (CodeSignOnCopy, ); }; };
		60AB81B72738BF760090026F /* libopencv_hfs.4.5.3.dylib in Frameworks */ = {isa = PBXBuildFile; fileRef = 60AB81722738BF740090026F /* libopencv_hfs.4.5.3.dylib */; };
		60AB81B82738BF760090026F /* libopencv_hfs.4.5.3.dylib in Embed Libraries */ = {isa = PBXBuildFile; fileRef = 60AB81722738BF740090026F /* libopencv_hfs.4.5.3.dylib */; settings = {ATTRIBUTES = (CodeSignOnCopy, ); }; };
		60AB81B92738BF760090026F /* libopencv_intensity_transform.4.5.3.dylib in Frameworks */ = {isa = PBXBuildFile; fileRef = 60AB81732738BF740090026F /* libopencv_intensity_transform.4.5.3.dylib */; };
		60AB81BA2738BF760090026F /* libopencv_intensity_transform.4.5.3.dylib in Embed Libraries */ = {isa = PBXBuildFile; fileRef = 60AB81732738BF740090026F /* libopencv_intensity_transform.4.5.3.dylib */; settings = {ATTRIBUTES = (CodeSignOnCopy, ); }; };
		60AB81BB2738BF760090026F /* libopencv_xphoto.4.5.3.dylib in Frameworks */ = {isa = PBXBuildFile; fileRef = 60AB81742738BF740090026F /* libopencv_xphoto.4.5.3.dylib */; };
		60AB81BC2738BF760090026F /* libopencv_xphoto.4.5.3.dylib in Embed Libraries */ = {isa = PBXBuildFile; fileRef = 60AB81742738BF740090026F /* libopencv_xphoto.4.5.3.dylib */; settings = {ATTRIBUTES = (CodeSignOnCopy, ); }; };
		60AB81BD2738BF760090026F /* libopencv_tracking.4.5.3.dylib in Frameworks */ = {isa = PBXBuildFile; fileRef = 60AB81752738BF740090026F /* libopencv_tracking.4.5.3.dylib */; };
		60AB81BE2738BF760090026F /* libopencv_tracking.4.5.3.dylib in Embed Libraries */ = {isa = PBXBuildFile; fileRef = 60AB81752738BF740090026F /* libopencv_tracking.4.5.3.dylib */; settings = {ATTRIBUTES = (CodeSignOnCopy, ); }; };
		60AB81BF2738BF760090026F /* libopencv_saliency.4.5.3.dylib in Frameworks */ = {isa = PBXBuildFile; fileRef = 60AB81762738BF740090026F /* libopencv_saliency.4.5.3.dylib */; };
		60AB81C02738BF760090026F /* libopencv_saliency.4.5.3.dylib in Embed Libraries */ = {isa = PBXBuildFile; fileRef = 60AB81762738BF740090026F /* libopencv_saliency.4.5.3.dylib */; settings = {ATTRIBUTES = (CodeSignOnCopy, ); }; };
		60AB81C12738BF760090026F /* libopencv_plot.4.5.3.dylib in Frameworks */ = {isa = PBXBuildFile; fileRef = 60AB81772738BF740090026F /* libopencv_plot.4.5.3.dylib */; };
		60AB81C22738BF760090026F /* libopencv_plot.4.5.3.dylib in Embed Libraries */ = {isa = PBXBuildFile; fileRef = 60AB81772738BF740090026F /* libopencv_plot.4.5.3.dylib */; settings = {ATTRIBUTES = (CodeSignOnCopy, ); }; };
		60AB81C32738BF760090026F /* libopencv_barcode.4.5.3.dylib in Frameworks */ = {isa = PBXBuildFile; fileRef = 60AB81782738BF740090026F /* libopencv_barcode.4.5.3.dylib */; };
		60AB81C42738BF760090026F /* libopencv_barcode.4.5.3.dylib in Embed Libraries */ = {isa = PBXBuildFile; fileRef = 60AB81782738BF740090026F /* libopencv_barcode.4.5.3.dylib */; settings = {ATTRIBUTES = (CodeSignOnCopy, ); }; };
		60AB81C52738BF760090026F /* libopencv_rgbd.4.5.3.dylib in Frameworks */ = {isa = PBXBuildFile; fileRef = 60AB81792738BF750090026F /* libopencv_rgbd.4.5.3.dylib */; };
		60AB81C62738BF760090026F /* libopencv_rgbd.4.5.3.dylib in Embed Libraries */ = {isa = PBXBuildFile; fileRef = 60AB81792738BF750090026F /* libopencv_rgbd.4.5.3.dylib */; settings = {ATTRIBUTES = (CodeSignOnCopy, ); }; };
		60AB81C72738BF760090026F /* libopencv_photo.4.5.3.dylib in Frameworks */ = {isa = PBXBuildFile; fileRef = 60AB817A2738BF750090026F /* libopencv_photo.4.5.3.dylib */; };
		60AB81C82738BF760090026F /* libopencv_photo.4.5.3.dylib in Embed Libraries */ = {isa = PBXBuildFile; fileRef = 60AB817A2738BF750090026F /* libopencv_photo.4.5.3.dylib */; settings = {ATTRIBUTES = (CodeSignOnCopy, ); }; };
		60AB81C92738BF760090026F /* libopencv_rapid.4.5.3.dylib in Frameworks */ = {isa = PBXBuildFile; fileRef = 60AB817B2738BF750090026F /* libopencv_rapid.4.5.3.dylib */; };
		60AB81CA2738BF760090026F /* libopencv_rapid.4.5.3.dylib in Embed Libraries */ = {isa = PBXBuildFile; fileRef = 60AB817B2738BF750090026F /* libopencv_rapid.4.5.3.dylib */; settings = {ATTRIBUTES = (CodeSignOnCopy, ); }; };
		60AB81CB2738BF760090026F /* libopencv_xobjdetect.4.5.3.dylib in Frameworks */ = {isa = PBXBuildFile; fileRef = 60AB817C2738BF750090026F /* libopencv_xobjdetect.4.5.3.dylib */; };
		60AB81CC2738BF760090026F /* libopencv_xobjdetect.4.5.3.dylib in Embed Libraries */ = {isa = PBXBuildFile; fileRef = 60AB817C2738BF750090026F /* libopencv_xobjdetect.4.5.3.dylib */; settings = {ATTRIBUTES = (CodeSignOnCopy, ); }; };
		60AB81CD2738BF760090026F /* libopencv_freetype.4.5.3.dylib in Frameworks */ = {isa = PBXBuildFile; fileRef = 60AB817D2738BF750090026F /* libopencv_freetype.4.5.3.dylib */; };
		60AB81CE2738BF770090026F /* libopencv_freetype.4.5.3.dylib in Embed Libraries */ = {isa = PBXBuildFile; fileRef = 60AB817D2738BF750090026F /* libopencv_freetype.4.5.3.dylib */; settings = {ATTRIBUTES = (CodeSignOnCopy, ); }; };
		60AB81CF2738BF770090026F /* libopencv_flann.4.5.3.dylib in Frameworks */ = {isa = PBXBuildFile; fileRef = 60AB817E2738BF750090026F /* libopencv_flann.4.5.3.dylib */; };
		60AB81D02738BF770090026F /* libopencv_flann.4.5.3.dylib in Embed Libraries */ = {isa = PBXBuildFile; fileRef = 60AB817E2738BF750090026F /* libopencv_flann.4.5.3.dylib */; settings = {ATTRIBUTES = (CodeSignOnCopy, ); }; };
		60AB81D12738BF770090026F /* libopencv_quality.4.5.3.dylib in Frameworks */ = {isa = PBXBuildFile; fileRef = 60AB817F2738BF750090026F /* libopencv_quality.4.5.3.dylib */; };
		60AB81D22738BF770090026F /* libopencv_quality.4.5.3.dylib in Embed Libraries */ = {isa = PBXBuildFile; fileRef = 60AB817F2738BF750090026F /* libopencv_quality.4.5.3.dylib */; settings = {ATTRIBUTES = (CodeSignOnCopy, ); }; };
		60AB81D32738BF770090026F /* libopencv_xfeatures2d.4.5.3.dylib in Frameworks */ = {isa = PBXBuildFile; fileRef = 60AB81802738BF750090026F /* libopencv_xfeatures2d.4.5.3.dylib */; };
		60AB81D42738BF770090026F /* libopencv_xfeatures2d.4.5.3.dylib in Embed Libraries */ = {isa = PBXBuildFile; fileRef = 60AB81802738BF750090026F /* libopencv_xfeatures2d.4.5.3.dylib */; settings = {ATTRIBUTES = (CodeSignOnCopy, ); }; };
		60AB81D52738BF770090026F /* libopencv_imgproc.4.5.3.dylib in Frameworks */ = {isa = PBXBuildFile; fileRef = 60AB81812738BF750090026F /* libopencv_imgproc.4.5.3.dylib */; };
		60AB81D62738BF770090026F /* libopencv_imgproc.4.5.3.dylib in Embed Libraries */ = {isa = PBXBuildFile; fileRef = 60AB81812738BF750090026F /* libopencv_imgproc.4.5.3.dylib */; settings = {ATTRIBUTES = (CodeSignOnCopy, ); }; };
		60AB81D72738BF770090026F /* libopencv_shape.4.5.3.dylib in Frameworks */ = {isa = PBXBuildFile; fileRef = 60AB81822738BF750090026F /* libopencv_shape.4.5.3.dylib */; };
		60AB81D82738BF770090026F /* libopencv_shape.4.5.3.dylib in Embed Libraries */ = {isa = PBXBuildFile; fileRef = 60AB81822738BF750090026F /* libopencv_shape.4.5.3.dylib */; settings = {ATTRIBUTES = (CodeSignOnCopy, ); }; };
		60AB81D92738BF770090026F /* libopencv_phase_unwrapping.4.5.3.dylib in Frameworks */ = {isa = PBXBuildFile; fileRef = 60AB81832738BF750090026F /* libopencv_phase_unwrapping.4.5.3.dylib */; };
		60AB81DA2738BF770090026F /* libopencv_phase_unwrapping.4.5.3.dylib in Embed Libraries */ = {isa = PBXBuildFile; fileRef = 60AB81832738BF750090026F /* libopencv_phase_unwrapping.4.5.3.dylib */; settings = {ATTRIBUTES = (CodeSignOnCopy, ); }; };
		60AB81DB2738BF770090026F /* libopencv_fuzzy.4.5.3.dylib in Frameworks */ = {isa = PBXBuildFile; fileRef = 60AB81842738BF750090026F /* libopencv_fuzzy.4.5.3.dylib */; };
		60AB81DC2738BF770090026F /* libopencv_fuzzy.4.5.3.dylib in Embed Libraries */ = {isa = PBXBuildFile; fileRef = 60AB81842738BF750090026F /* libopencv_fuzzy.4.5.3.dylib */; settings = {ATTRIBUTES = (CodeSignOnCopy, ); }; };
		60AB81DD2738BF770090026F /* libopencv_surface_matching.4.5.3.dylib in Frameworks */ = {isa = PBXBuildFile; fileRef = 60AB81852738BF750090026F /* libopencv_surface_matching.4.5.3.dylib */; };
		60AB81DE2738BF770090026F /* libopencv_surface_matching.4.5.3.dylib in Embed Libraries */ = {isa = PBXBuildFile; fileRef = 60AB81852738BF750090026F /* libopencv_surface_matching.4.5.3.dylib */; settings = {ATTRIBUTES = (CodeSignOnCopy, ); }; };
		60AB81DF2738BF770090026F /* libopencv_videostab.4.5.3.dylib in Frameworks */ = {isa = PBXBuildFile; fileRef = 60AB81862738BF750090026F /* libopencv_videostab.4.5.3.dylib */; };
		60AB81E02738BF770090026F /* libopencv_videostab.4.5.3.dylib in Embed Libraries */ = {isa = PBXBuildFile; fileRef = 60AB81862738BF750090026F /* libopencv_videostab.4.5.3.dylib */; settings = {ATTRIBUTES = (CodeSignOnCopy, ); }; };
		60AB81E12738BF770090026F /* libopencv_ccalib.4.5.3.dylib in Frameworks */ = {isa = PBXBuildFile; fileRef = 60AB81872738BF750090026F /* libopencv_ccalib.4.5.3.dylib */; };
		60AB81E22738BF770090026F /* libopencv_ccalib.4.5.3.dylib in Embed Libraries */ = {isa = PBXBuildFile; fileRef = 60AB81872738BF750090026F /* libopencv_ccalib.4.5.3.dylib */; settings = {ATTRIBUTES = (CodeSignOnCopy, ); }; };
		60AB81E32738BF770090026F /* libopencv_structured_light.4.5.3.dylib in Frameworks */ = {isa = PBXBuildFile; fileRef = 60AB81882738BF750090026F /* libopencv_structured_light.4.5.3.dylib */; };
		60AB81E42738BF770090026F /* libopencv_structured_light.4.5.3.dylib in Embed Libraries */ = {isa = PBXBuildFile; fileRef = 60AB81882738BF750090026F /* libopencv_structured_light.4.5.3.dylib */; settings = {ATTRIBUTES = (CodeSignOnCopy, ); }; };
		60AB81E52738BF770090026F /* libopencv_calib3d.4.5.3.dylib in Frameworks */ = {isa = PBXBuildFile; fileRef = 60AB81892738BF750090026F /* libopencv_calib3d.4.5.3.dylib */; };
		60AB81E62738BF770090026F /* libopencv_calib3d.4.5.3.dylib in Embed Libraries */ = {isa = PBXBuildFile; fileRef = 60AB81892738BF750090026F /* libopencv_calib3d.4.5.3.dylib */; settings = {ATTRIBUTES = (CodeSignOnCopy, ); }; };
		60AB81E72738BF770090026F /* libopencv_stitching.4.5.3.dylib in Frameworks */ = {isa = PBXBuildFile; fileRef = 60AB818A2738BF750090026F /* libopencv_stitching.4.5.3.dylib */; };
		60AB81E82738BF770090026F /* libopencv_stitching.4.5.3.dylib in Embed Libraries */ = {isa = PBXBuildFile; fileRef = 60AB818A2738BF750090026F /* libopencv_stitching.4.5.3.dylib */; settings = {ATTRIBUTES = (CodeSignOnCopy, ); }; };
		60AB81E92738BF770090026F /* libopencv_optflow.4.5.3.dylib in Frameworks */ = {isa = PBXBuildFile; fileRef = 60AB818B2738BF750090026F /* libopencv_optflow.4.5.3.dylib */; };
		60AB81EA2738BF780090026F /* libopencv_optflow.4.5.3.dylib in Embed Libraries */ = {isa = PBXBuildFile; fileRef = 60AB818B2738BF750090026F /* libopencv_optflow.4.5.3.dylib */; settings = {ATTRIBUTES = (CodeSignOnCopy, ); }; };
		60AB81EB2738BF780090026F /* libopencv_mcc.4.5.3.dylib in Frameworks */ = {isa = PBXBuildFile; fileRef = 60AB818C2738BF750090026F /* libopencv_mcc.4.5.3.dylib */; };
		60AB81EC2738BF780090026F /* libopencv_mcc.4.5.3.dylib in Embed Libraries */ = {isa = PBXBuildFile; fileRef = 60AB818C2738BF750090026F /* libopencv_mcc.4.5.3.dylib */; settings = {ATTRIBUTES = (CodeSignOnCopy, ); }; };
		60AB81ED2738BF780090026F /* libopencv_bioinspired.4.5.3.dylib in Frameworks */ = {isa = PBXBuildFile; fileRef = 60AB818D2738BF750090026F /* libopencv_bioinspired.4.5.3.dylib */; };
		60AB81EE2738BF780090026F /* libopencv_bioinspired.4.5.3.dylib in Embed Libraries */ = {isa = PBXBuildFile; fileRef = 60AB818D2738BF750090026F /* libopencv_bioinspired.4.5.3.dylib */; settings = {ATTRIBUTES = (CodeSignOnCopy, ); }; };
		60AB81EF2738BF780090026F /* libopencv_superres.4.5.3.dylib in Frameworks */ = {isa = PBXBuildFile; fileRef = 60AB818E2738BF750090026F /* libopencv_superres.4.5.3.dylib */; };
		60AB81F02738BF780090026F /* libopencv_superres.4.5.3.dylib in Embed Libraries */ = {isa = PBXBuildFile; fileRef = 60AB818E2738BF750090026F /* libopencv_superres.4.5.3.dylib */; settings = {ATTRIBUTES = (CodeSignOnCopy, ); }; };
		60AB81F12738BF780090026F /* libopencv_viz.4.5.3.dylib in Frameworks */ = {isa = PBXBuildFile; fileRef = 60AB818F2738BF750090026F /* libopencv_viz.4.5.3.dylib */; };
		60AB81F22738BF780090026F /* libopencv_viz.4.5.3.dylib in Embed Libraries */ = {isa = PBXBuildFile; fileRef = 60AB818F2738BF750090026F /* libopencv_viz.4.5.3.dylib */; settings = {ATTRIBUTES = (CodeSignOnCopy, ); }; };
		60AB81F32738BF780090026F /* libopencv_ximgproc.4.5.3.dylib in Frameworks */ = {isa = PBXBuildFile; fileRef = 60AB81902738BF750090026F /* libopencv_ximgproc.4.5.3.dylib */; };
		60AB81F42738BF780090026F /* libopencv_ximgproc.4.5.3.dylib in Embed Libraries */ = {isa = PBXBuildFile; fileRef = 60AB81902738BF750090026F /* libopencv_ximgproc.4.5.3.dylib */; settings = {ATTRIBUTES = (CodeSignOnCopy, ); }; };
		60AB81F52738BF780090026F /* libopencv_alphamat.4.5.3.dylib in Frameworks */ = {isa = PBXBuildFile; fileRef = 60AB81912738BF750090026F /* libopencv_alphamat.4.5.3.dylib */; };
		60AB81F62738BF780090026F /* libopencv_alphamat.4.5.3.dylib in Embed Libraries */ = {isa = PBXBuildFile; fileRef = 60AB81912738BF750090026F /* libopencv_alphamat.4.5.3.dylib */; settings = {ATTRIBUTES = (CodeSignOnCopy, ); }; };
		60AB81F72738BF780090026F /* libopencv_video.4.5.3.dylib in Frameworks */ = {isa = PBXBuildFile; fileRef = 60AB81922738BF750090026F /* libopencv_video.4.5.3.dylib */; };
		60AB81F82738BF780090026F /* libopencv_video.4.5.3.dylib in Embed Libraries */ = {isa = PBXBuildFile; fileRef = 60AB81922738BF750090026F /* libopencv_video.4.5.3.dylib */; settings = {ATTRIBUTES = (CodeSignOnCopy, ); }; };
		60AB81F92738BF780090026F /* libopencv_stereo.4.5.3.dylib in Frameworks */ = {isa = PBXBuildFile; fileRef = 60AB81932738BF750090026F /* libopencv_stereo.4.5.3.dylib */; };
		60AB81FA2738BF780090026F /* libopencv_stereo.4.5.3.dylib in Embed Libraries */ = {isa = PBXBuildFile; fileRef = 60AB81932738BF750090026F /* libopencv_stereo.4.5.3.dylib */; settings = {ATTRIBUTES = (CodeSignOnCopy, ); }; };
		60AB81FB2738BF780090026F /* libopencv_text.4.5.3.dylib in Frameworks */ = {isa = PBXBuildFile; fileRef = 60AB81942738BF750090026F /* libopencv_text.4.5.3.dylib */; };
		60AB81FC2738BF780090026F /* libopencv_text.4.5.3.dylib in Embed Libraries */ = {isa = PBXBuildFile; fileRef = 60AB81942738BF750090026F /* libopencv_text.4.5.3.dylib */; settings = {ATTRIBUTES = (CodeSignOnCopy, ); }; };
		60AB81FD2738BF780090026F /* libopencv_videoio.4.5.3.dylib in Frameworks */ = {isa = PBXBuildFile; fileRef = 60AB81952738BF750090026F /* libopencv_videoio.4.5.3.dylib */; };
		60AB81FE2738BF780090026F /* libopencv_videoio.4.5.3.dylib in Embed Libraries */ = {isa = PBXBuildFile; fileRef = 60AB81952738BF750090026F /* libopencv_videoio.4.5.3.dylib */; settings = {ATTRIBUTES = (CodeSignOnCopy, ); }; };
		60AB81FF2738BF780090026F /* libopencv_aruco.4.5.3.dylib in Frameworks */ = {isa = PBXBuildFile; fileRef = 60AB81962738BF750090026F /* libopencv_aruco.4.5.3.dylib */; };
		60AB82002738BF790090026F /* libopencv_aruco.4.5.3.dylib in Embed Libraries */ = {isa = PBXBuildFile; fileRef = 60AB81962738BF750090026F /* libopencv_aruco.4.5.3.dylib */; settings = {ATTRIBUTES = (CodeSignOnCopy, ); }; };
		60AB82012738BF790090026F /* libopencv_bgsegm.4.5.3.dylib in Frameworks */ = {isa = PBXBuildFile; fileRef = 60AB81972738BF750090026F /* libopencv_bgsegm.4.5.3.dylib */; };
		60AB82022738BF790090026F /* libopencv_bgsegm.4.5.3.dylib in Embed Libraries */ = {isa = PBXBuildFile; fileRef = 60AB81972738BF750090026F /* libopencv_bgsegm.4.5.3.dylib */; settings = {ATTRIBUTES = (CodeSignOnCopy, ); }; };
		60AB82032738BF790090026F /* libopencv_dnn_superres.4.5.3.dylib in Frameworks */ = {isa = PBXBuildFile; fileRef = 60AB81982738BF750090026F /* libopencv_dnn_superres.4.5.3.dylib */; };
		60AB82042738BF790090026F /* libopencv_dnn_superres.4.5.3.dylib in Embed Libraries */ = {isa = PBXBuildFile; fileRef = 60AB81982738BF750090026F /* libopencv_dnn_superres.4.5.3.dylib */; settings = {ATTRIBUTES = (CodeSignOnCopy, ); }; };
		60AB82052738BF790090026F /* libopencv_objdetect.4.5.3.dylib in Frameworks */ = {isa = PBXBuildFile; fileRef = 60AB81992738BF760090026F /* libopencv_objdetect.4.5.3.dylib */; };
		60AB82062738BF790090026F /* libopencv_objdetect.4.5.3.dylib in Embed Libraries */ = {isa = PBXBuildFile; fileRef = 60AB81992738BF760090026F /* libopencv_objdetect.4.5.3.dylib */; settings = {ATTRIBUTES = (CodeSignOnCopy, ); }; };
		60AB82072738BF790090026F /* libopencv_wechat_qrcode.4.5.3.dylib in Frameworks */ = {isa = PBXBuildFile; fileRef = 60AB819A2738BF760090026F /* libopencv_wechat_qrcode.4.5.3.dylib */; };
		60AB82082738BF790090026F /* libopencv_wechat_qrcode.4.5.3.dylib in Embed Libraries */ = {isa = PBXBuildFile; fileRef = 60AB819A2738BF760090026F /* libopencv_wechat_qrcode.4.5.3.dylib */; settings = {ATTRIBUTES = (CodeSignOnCopy, ); }; };
		60AB82092738BF790090026F /* libopencv_imgcodecs.4.5.3.dylib in Frameworks */ = {isa = PBXBuildFile; fileRef = 60AB819B2738BF760090026F /* libopencv_imgcodecs.4.5.3.dylib */; };
		60AB820A2738BF790090026F /* libopencv_imgcodecs.4.5.3.dylib in Embed Libraries */ = {isa = PBXBuildFile; fileRef = 60AB819B2738BF760090026F /* libopencv_imgcodecs.4.5.3.dylib */; settings = {ATTRIBUTES = (CodeSignOnCopy, ); }; };
		60AB820B2738BF790090026F /* libopencv_face.4.5.3.dylib in Frameworks */ = {isa = PBXBuildFile; fileRef = 60AB819C2738BF760090026F /* libopencv_face.4.5.3.dylib */; };
		60AB820C2738BF790090026F /* libopencv_face.4.5.3.dylib in Embed Libraries */ = {isa = PBXBuildFile; fileRef = 60AB819C2738BF760090026F /* libopencv_face.4.5.3.dylib */; settings = {ATTRIBUTES = (CodeSignOnCopy, ); }; };
/* End PBXBuildFile section */

/* Begin PBXCopyFilesBuildPhase section */
		2FDFFB411CB27BBC00734AF5 /* CopyFiles */ = {
			isa = PBXCopyFilesBuildPhase;
			buildActionMask = 2147483647;
			dstPath = /usr/share/man/man1/;
			dstSubfolderSpec = 0;
			files = (
			);
			runOnlyForDeploymentPostprocessing = 1;
		};
		606009EE272D43E200603D56 /* Embed Libraries */ = {
			isa = PBXCopyFilesBuildPhase;
			buildActionMask = 2147483647;
			dstPath = "";
			dstSubfolderSpec = 10;
			files = (
				60AB81B42738BF760090026F /* libopencv_reg.4.5.3.dylib in Embed Libraries */,
				60AB81FA2738BF780090026F /* libopencv_stereo.4.5.3.dylib in Embed Libraries */,
				60AB81DA2738BF770090026F /* libopencv_phase_unwrapping.4.5.3.dylib in Embed Libraries */,
				60AB81F02738BF780090026F /* libopencv_superres.4.5.3.dylib in Embed Libraries */,
				60AB81E22738BF770090026F /* libopencv_ccalib.4.5.3.dylib in Embed Libraries */,
				60AB81D22738BF770090026F /* libopencv_quality.4.5.3.dylib in Embed Libraries */,
				60AB81C62738BF760090026F /* libopencv_rgbd.4.5.3.dylib in Embed Libraries */,
				60AB81D82738BF770090026F /* libopencv_shape.4.5.3.dylib in Embed Libraries */,
				60AB81CE2738BF770090026F /* libopencv_freetype.4.5.3.dylib in Embed Libraries */,
				60AB81CC2738BF760090026F /* libopencv_xobjdetect.4.5.3.dylib in Embed Libraries */,
				60AB81A22738BF760090026F /* libopencv_core.4.5.3.dylib in Embed Libraries */,
				60AB82082738BF790090026F /* libopencv_wechat_qrcode.4.5.3.dylib in Embed Libraries */,
				60AB820A2738BF790090026F /* libopencv_imgcodecs.4.5.3.dylib in Embed Libraries */,
				60AB81A02738BF760090026F /* libopencv_ml.4.5.3.dylib in Embed Libraries */,
				60AB81B82738BF760090026F /* libopencv_hfs.4.5.3.dylib in Embed Libraries */,
				60AB81CA2738BF760090026F /* libopencv_rapid.4.5.3.dylib in Embed Libraries */,
				60AB81C22738BF760090026F /* libopencv_plot.4.5.3.dylib in Embed Libraries */,
				60AB81DC2738BF770090026F /* libopencv_fuzzy.4.5.3.dylib in Embed Libraries */,
				60AB81DE2738BF770090026F /* libopencv_surface_matching.4.5.3.dylib in Embed Libraries */,
				60AB81F62738BF780090026F /* libopencv_alphamat.4.5.3.dylib in Embed Libraries */,
				60AB81D02738BF770090026F /* libopencv_flann.4.5.3.dylib in Embed Libraries */,
				60AB81F22738BF780090026F /* libopencv_viz.4.5.3.dylib in Embed Libraries */,
				60AB81F82738BF780090026F /* libopencv_video.4.5.3.dylib in Embed Libraries */,
				60AB81EA2738BF780090026F /* libopencv_optflow.4.5.3.dylib in Embed Libraries */,
				60AB81FE2738BF780090026F /* libopencv_videoio.4.5.3.dylib in Embed Libraries */,
				60AB82042738BF790090026F /* libopencv_dnn_superres.4.5.3.dylib in Embed Libraries */,
				60AB820C2738BF790090026F /* libopencv_face.4.5.3.dylib in Embed Libraries */,
				60AB81E02738BF770090026F /* libopencv_videostab.4.5.3.dylib in Embed Libraries */,
				60AB81C82738BF760090026F /* libopencv_photo.4.5.3.dylib in Embed Libraries */,
				60AB81FC2738BF780090026F /* libopencv_text.4.5.3.dylib in Embed Libraries */,
				60AB82002738BF790090026F /* libopencv_aruco.4.5.3.dylib in Embed Libraries */,
				60AB81A82738BF760090026F /* libopencv_gapi.4.5.3.dylib in Embed Libraries */,
				60AB81B62738BF760090026F /* libopencv_dnn.4.5.3.dylib in Embed Libraries */,
				60AB81AE2738BF760090026F /* libopencv_features2d.4.5.3.dylib in Embed Libraries */,
				60AB81BC2738BF760090026F /* libopencv_xphoto.4.5.3.dylib in Embed Libraries */,
				60AB81E62738BF770090026F /* libopencv_calib3d.4.5.3.dylib in Embed Libraries */,
				60AB81E82738BF770090026F /* libopencv_stitching.4.5.3.dylib in Embed Libraries */,
				60AB81B22738BF760090026F /* libopencv_sfm.4.5.3.dylib in Embed Libraries */,
				60AB81F42738BF780090026F /* libopencv_ximgproc.4.5.3.dylib in Embed Libraries */,
				60AB81E42738BF770090026F /* libopencv_structured_light.4.5.3.dylib in Embed Libraries */,
				60AB81C02738BF760090026F /* libopencv_saliency.4.5.3.dylib in Embed Libraries */,
				60AB81A62738BF760090026F /* libopencv_highgui.4.5.3.dylib in Embed Libraries */,
				60AB81EC2738BF780090026F /* libopencv_mcc.4.5.3.dylib in Embed Libraries */,
				60AB81EE2738BF780090026F /* libopencv_bioinspired.4.5.3.dylib in Embed Libraries */,
				60AB81B02738BF760090026F /* libopencv_img_hash.4.5.3.dylib in Embed Libraries */,
				60AB819E2738BF760090026F /* libopencv_line_descriptor.4.5.3.dylib in Embed Libraries */,
				60AB81D42738BF770090026F /* libopencv_xfeatures2d.4.5.3.dylib in Embed Libraries */,
				60AB81C42738BF760090026F /* libopencv_barcode.4.5.3.dylib in Embed Libraries */,
				60AB82022738BF790090026F /* libopencv_bgsegm.4.5.3.dylib in Embed Libraries */,
				60AB81D62738BF770090026F /* libopencv_imgproc.4.5.3.dylib in Embed Libraries */,
				60AB81BE2738BF760090026F /* libopencv_tracking.4.5.3.dylib in Embed Libraries */,
				60AB82062738BF790090026F /* libopencv_objdetect.4.5.3.dylib in Embed Libraries */,
				60AB81BA2738BF760090026F /* libopencv_intensity_transform.4.5.3.dylib in Embed Libraries */,
				60AB81A42738BF760090026F /* libopencv_dpm.4.5.3.dylib in Embed Libraries */,
				60AB81AA2738BF760090026F /* libopencv_datasets.4.5.3.dylib in Embed Libraries */,
				60AB81AC2738BF760090026F /* libopencv_dnn_objdetect.4.5.3.dylib in Embed Libraries */,
			);
			name = "Embed Libraries";
			runOnlyForDeploymentPostprocessing = 0;
		};
/* End PBXCopyFilesBuildPhase section */

/* Begin PBXFileReference section */
		2FD3829C1CB39A6C000E79D5 /* Grab.cpp */ = {isa = PBXFileReference; fileEncoding = 4; lastKnownFileType = sourcecode.cpp.cpp; path = Grab.cpp; sourceTree = "<group>"; };
		2FD3829E1CB39A8D000E79D5 /* pylon.framework */ = {isa = PBXFileReference; lastKnownFileType = wrapper.framework; name = pylon.framework; path = /Library/Frameworks/pylon.framework; sourceTree = "<group>"; };
		2FDFFB431CB27BBC00734AF5 /* Grab */ = {isa = PBXFileReference; explicitFileType = "compiled.mach-o.executable"; includeInIndex = 0; path = Grab; sourceTree = BUILT_PRODUCTS_DIR; };
		6005F75E272288B8005839D6 /* TCPClient.cpp */ = {isa = PBXFileReference; lastKnownFileType = sourcecode.cpp.cpp; path = TCPClient.cpp; sourceTree = "<group>"; };
		6005F75F272288B8005839D6 /* TCPClient.hpp */ = {isa = PBXFileReference; lastKnownFileType = sourcecode.cpp.h; path = TCPClient.hpp; sourceTree = "<group>"; };
		601A674E270FCFD600A00C17 /* CMakeLists.txt */ = {isa = PBXFileReference; fileEncoding = 4; lastKnownFileType = text; name = CMakeLists.txt; path = ../DEC_arm_vision/CMakeLists.txt; sourceTree = "<group>"; };
		601A6752270FD7B100A00C17 /* match.cpp */ = {isa = PBXFileReference; fileEncoding = 4; lastKnownFileType = sourcecode.cpp.cpp; path = match.cpp; sourceTree = "<group>"; };
		601A6754270FD7BB00A00C17 /* socket.cpp */ = {isa = PBXFileReference; fileEncoding = 4; lastKnownFileType = sourcecode.cpp.cpp; path = socket.cpp; sourceTree = "<group>"; };
		601A6756270FD7C600A00C17 /* socket.hpp */ = {isa = PBXFileReference; fileEncoding = 4; lastKnownFileType = sourcecode.cpp.h; path = socket.hpp; sourceTree = "<group>"; };
		6033C9662704469D00FA1FB2 /* match.hpp */ = {isa = PBXFileReference; fileEncoding = 4; lastKnownFileType = sourcecode.cpp.h; path = match.hpp; sourceTree = "<group>"; };
		60600943272D420300603D56 /* socket.hpp */ = {isa = PBXFileReference; fileEncoding = 4; lastKnownFileType = sourcecode.cpp.h; path = socket.hpp; sourceTree = "<group>"; };
		60600944272D420300603D56 /* TCPClient.hpp */ = {isa = PBXFileReference; fileEncoding = 4; lastKnownFileType = sourcecode.cpp.h; path = TCPClient.hpp; sourceTree = "<group>"; };
		60600945272D420300603D56 /* match.hpp */ = {isa = PBXFileReference; fileEncoding = 4; lastKnownFileType = sourcecode.cpp.h; path = match.hpp; sourceTree = "<group>"; };
		60AB81652738BF740090026F /* libopencv_line_descriptor.4.5.3.dylib */ = {isa = PBXFileReference; lastKnownFileType = "compiled.mach-o.dylib"; name = libopencv_line_descriptor.4.5.3.dylib; path = ../../../../../usr/local/Cellar/opencv/4.5.3_2/lib/libopencv_line_descriptor.4.5.3.dylib; sourceTree = "<group>"; };
		60AB81662738BF740090026F /* libopencv_ml.4.5.3.dylib */ = {isa = PBXFileReference; lastKnownFileType = "compiled.mach-o.dylib"; name = libopencv_ml.4.5.3.dylib; path = ../../../../../usr/local/Cellar/opencv/4.5.3_2/lib/libopencv_ml.4.5.3.dylib; sourceTree = "<group>"; };
		60AB81672738BF740090026F /* libopencv_core.4.5.3.dylib */ = {isa = PBXFileReference; lastKnownFileType = "compiled.mach-o.dylib"; name = libopencv_core.4.5.3.dylib; path = ../../../../../usr/local/Cellar/opencv/4.5.3_2/lib/libopencv_core.4.5.3.dylib; sourceTree = "<group>"; };
		60AB81682738BF740090026F /* libopencv_dpm.4.5.3.dylib */ = {isa = PBXFileReference; lastKnownFileType = "compiled.mach-o.dylib"; name = libopencv_dpm.4.5.3.dylib; path = ../../../../../usr/local/Cellar/opencv/4.5.3_2/lib/libopencv_dpm.4.5.3.dylib; sourceTree = "<group>"; };
		60AB81692738BF740090026F /* libopencv_highgui.4.5.3.dylib */ = {isa = PBXFileReference; lastKnownFileType = "compiled.mach-o.dylib"; name = libopencv_highgui.4.5.3.dylib; path = ../../../../../usr/local/Cellar/opencv/4.5.3_2/lib/libopencv_highgui.4.5.3.dylib; sourceTree = "<group>"; };
		60AB816A2738BF740090026F /* libopencv_gapi.4.5.3.dylib */ = {isa = PBXFileReference; lastKnownFileType = "compiled.mach-o.dylib"; name = libopencv_gapi.4.5.3.dylib; path = ../../../../../usr/local/Cellar/opencv/4.5.3_2/lib/libopencv_gapi.4.5.3.dylib; sourceTree = "<group>"; };
		60AB816B2738BF740090026F /* libopencv_datasets.4.5.3.dylib */ = {isa = PBXFileReference; lastKnownFileType = "compiled.mach-o.dylib"; name = libopencv_datasets.4.5.3.dylib; path = ../../../../../usr/local/Cellar/opencv/4.5.3_2/lib/libopencv_datasets.4.5.3.dylib; sourceTree = "<group>"; };
		60AB816C2738BF740090026F /* libopencv_dnn_objdetect.4.5.3.dylib */ = {isa = PBXFileReference; lastKnownFileType = "compiled.mach-o.dylib"; name = libopencv_dnn_objdetect.4.5.3.dylib; path = ../../../../../usr/local/Cellar/opencv/4.5.3_2/lib/libopencv_dnn_objdetect.4.5.3.dylib; sourceTree = "<group>"; };
		60AB816D2738BF740090026F /* libopencv_features2d.4.5.3.dylib */ = {isa = PBXFileReference; lastKnownFileType = "compiled.mach-o.dylib"; name = libopencv_features2d.4.5.3.dylib; path = ../../../../../usr/local/Cellar/opencv/4.5.3_2/lib/libopencv_features2d.4.5.3.dylib; sourceTree = "<group>"; };
		60AB816E2738BF740090026F /* libopencv_img_hash.4.5.3.dylib */ = {isa = PBXFileReference; lastKnownFileType = "compiled.mach-o.dylib"; name = libopencv_img_hash.4.5.3.dylib; path = ../../../../../usr/local/Cellar/opencv/4.5.3_2/lib/libopencv_img_hash.4.5.3.dylib; sourceTree = "<group>"; };
		60AB816F2738BF740090026F /* libopencv_sfm.4.5.3.dylib */ = {isa = PBXFileReference; lastKnownFileType = "compiled.mach-o.dylib"; name = libopencv_sfm.4.5.3.dylib; path = ../../../../../usr/local/Cellar/opencv/4.5.3_2/lib/libopencv_sfm.4.5.3.dylib; sourceTree = "<group>"; };
		60AB81702738BF740090026F /* libopencv_reg.4.5.3.dylib */ = {isa = PBXFileReference; lastKnownFileType = "compiled.mach-o.dylib"; name = libopencv_reg.4.5.3.dylib; path = ../../../../../usr/local/Cellar/opencv/4.5.3_2/lib/libopencv_reg.4.5.3.dylib; sourceTree = "<group>"; };
		60AB81712738BF740090026F /* libopencv_dnn.4.5.3.dylib */ = {isa = PBXFileReference; lastKnownFileType = "compiled.mach-o.dylib"; name = libopencv_dnn.4.5.3.dylib; path = ../../../../../usr/local/Cellar/opencv/4.5.3_2/lib/libopencv_dnn.4.5.3.dylib; sourceTree = "<group>"; };
		60AB81722738BF740090026F /* libopencv_hfs.4.5.3.dylib */ = {isa = PBXFileReference; lastKnownFileType = "compiled.mach-o.dylib"; name = libopencv_hfs.4.5.3.dylib; path = ../../../../../usr/local/Cellar/opencv/4.5.3_2/lib/libopencv_hfs.4.5.3.dylib; sourceTree = "<group>"; };
		60AB81732738BF740090026F /* libopencv_intensity_transform.4.5.3.dylib */ = {isa = PBXFileReference; lastKnownFileType = "compiled.mach-o.dylib"; name = libopencv_intensity_transform.4.5.3.dylib; path = ../../../../../usr/local/Cellar/opencv/4.5.3_2/lib/libopencv_intensity_transform.4.5.3.dylib; sourceTree = "<group>"; };
		60AB81742738BF740090026F /* libopencv_xphoto.4.5.3.dylib */ = {isa = PBXFileReference; lastKnownFileType = "compiled.mach-o.dylib"; name = libopencv_xphoto.4.5.3.dylib; path = ../../../../../usr/local/Cellar/opencv/4.5.3_2/lib/libopencv_xphoto.4.5.3.dylib; sourceTree = "<group>"; };
		60AB81752738BF740090026F /* libopencv_tracking.4.5.3.dylib */ = {isa = PBXFileReference; lastKnownFileType = "compiled.mach-o.dylib"; name = libopencv_tracking.4.5.3.dylib; path = ../../../../../usr/local/Cellar/opencv/4.5.3_2/lib/libopencv_tracking.4.5.3.dylib; sourceTree = "<group>"; };
		60AB81762738BF740090026F /* libopencv_saliency.4.5.3.dylib */ = {isa = PBXFileReference; lastKnownFileType = "compiled.mach-o.dylib"; name = libopencv_saliency.4.5.3.dylib; path = ../../../../../usr/local/Cellar/opencv/4.5.3_2/lib/libopencv_saliency.4.5.3.dylib; sourceTree = "<group>"; };
		60AB81772738BF740090026F /* libopencv_plot.4.5.3.dylib */ = {isa = PBXFileReference; lastKnownFileType = "compiled.mach-o.dylib"; name = libopencv_plot.4.5.3.dylib; path = ../../../../../usr/local/Cellar/opencv/4.5.3_2/lib/libopencv_plot.4.5.3.dylib; sourceTree = "<group>"; };
		60AB81782738BF740090026F /* libopencv_barcode.4.5.3.dylib */ = {isa = PBXFileReference; lastKnownFileType = "compiled.mach-o.dylib"; name = libopencv_barcode.4.5.3.dylib; path = ../../../../../usr/local/Cellar/opencv/4.5.3_2/lib/libopencv_barcode.4.5.3.dylib; sourceTree = "<group>"; };
		60AB81792738BF750090026F /* libopencv_rgbd.4.5.3.dylib */ = {isa = PBXFileReference; lastKnownFileType = "compiled.mach-o.dylib"; name = libopencv_rgbd.4.5.3.dylib; path = ../../../../../usr/local/Cellar/opencv/4.5.3_2/lib/libopencv_rgbd.4.5.3.dylib; sourceTree = "<group>"; };
		60AB817A2738BF750090026F /* libopencv_photo.4.5.3.dylib */ = {isa = PBXFileReference; lastKnownFileType = "compiled.mach-o.dylib"; name = libopencv_photo.4.5.3.dylib; path = ../../../../../usr/local/Cellar/opencv/4.5.3_2/lib/libopencv_photo.4.5.3.dylib; sourceTree = "<group>"; };
		60AB817B2738BF750090026F /* libopencv_rapid.4.5.3.dylib */ = {isa = PBXFileReference; lastKnownFileType = "compiled.mach-o.dylib"; name = libopencv_rapid.4.5.3.dylib; path = ../../../../../usr/local/Cellar/opencv/4.5.3_2/lib/libopencv_rapid.4.5.3.dylib; sourceTree = "<group>"; };
		60AB817C2738BF750090026F /* libopencv_xobjdetect.4.5.3.dylib */ = {isa = PBXFileReference; lastKnownFileType = "compiled.mach-o.dylib"; name = libopencv_xobjdetect.4.5.3.dylib; path = ../../../../../usr/local/Cellar/opencv/4.5.3_2/lib/libopencv_xobjdetect.4.5.3.dylib; sourceTree = "<group>"; };
		60AB817D2738BF750090026F /* libopencv_freetype.4.5.3.dylib */ = {isa = PBXFileReference; lastKnownFileType = "compiled.mach-o.dylib"; name = libopencv_freetype.4.5.3.dylib; path = ../../../../../usr/local/Cellar/opencv/4.5.3_2/lib/libopencv_freetype.4.5.3.dylib; sourceTree = "<group>"; };
		60AB817E2738BF750090026F /* libopencv_flann.4.5.3.dylib */ = {isa = PBXFileReference; lastKnownFileType = "compiled.mach-o.dylib"; name = libopencv_flann.4.5.3.dylib; path = ../../../../../usr/local/Cellar/opencv/4.5.3_2/lib/libopencv_flann.4.5.3.dylib; sourceTree = "<group>"; };
		60AB817F2738BF750090026F /* libopencv_quality.4.5.3.dylib */ = {isa = PBXFileReference; lastKnownFileType = "compiled.mach-o.dylib"; name = libopencv_quality.4.5.3.dylib; path = ../../../../../usr/local/Cellar/opencv/4.5.3_2/lib/libopencv_quality.4.5.3.dylib; sourceTree = "<group>"; };
		60AB81802738BF750090026F /* libopencv_xfeatures2d.4.5.3.dylib */ = {isa = PBXFileReference; lastKnownFileType = "compiled.mach-o.dylib"; name = libopencv_xfeatures2d.4.5.3.dylib; path = ../../../../../usr/local/Cellar/opencv/4.5.3_2/lib/libopencv_xfeatures2d.4.5.3.dylib; sourceTree = "<group>"; };
		60AB81812738BF750090026F /* libopencv_imgproc.4.5.3.dylib */ = {isa = PBXFileReference; lastKnownFileType = "compiled.mach-o.dylib"; name = libopencv_imgproc.4.5.3.dylib; path = ../../../../../usr/local/Cellar/opencv/4.5.3_2/lib/libopencv_imgproc.4.5.3.dylib; sourceTree = "<group>"; };
		60AB81822738BF750090026F /* libopencv_shape.4.5.3.dylib */ = {isa = PBXFileReference; lastKnownFileType = "compiled.mach-o.dylib"; name = libopencv_shape.4.5.3.dylib; path = ../../../../../usr/local/Cellar/opencv/4.5.3_2/lib/libopencv_shape.4.5.3.dylib; sourceTree = "<group>"; };
		60AB81832738BF750090026F /* libopencv_phase_unwrapping.4.5.3.dylib */ = {isa = PBXFileReference; lastKnownFileType = "compiled.mach-o.dylib"; name = libopencv_phase_unwrapping.4.5.3.dylib; path = ../../../../../usr/local/Cellar/opencv/4.5.3_2/lib/libopencv_phase_unwrapping.4.5.3.dylib; sourceTree = "<group>"; };
		60AB81842738BF750090026F /* libopencv_fuzzy.4.5.3.dylib */ = {isa = PBXFileReference; lastKnownFileType = "compiled.mach-o.dylib"; name = libopencv_fuzzy.4.5.3.dylib; path = ../../../../../usr/local/Cellar/opencv/4.5.3_2/lib/libopencv_fuzzy.4.5.3.dylib; sourceTree = "<group>"; };
		60AB81852738BF750090026F /* libopencv_surface_matching.4.5.3.dylib */ = {isa = PBXFileReference; lastKnownFileType = "compiled.mach-o.dylib"; name = libopencv_surface_matching.4.5.3.dylib; path = ../../../../../usr/local/Cellar/opencv/4.5.3_2/lib/libopencv_surface_matching.4.5.3.dylib; sourceTree = "<group>"; };
		60AB81862738BF750090026F /* libopencv_videostab.4.5.3.dylib */ = {isa = PBXFileReference; lastKnownFileType = "compiled.mach-o.dylib"; name = libopencv_videostab.4.5.3.dylib; path = ../../../../../usr/local/Cellar/opencv/4.5.3_2/lib/libopencv_videostab.4.5.3.dylib; sourceTree = "<group>"; };
		60AB81872738BF750090026F /* libopencv_ccalib.4.5.3.dylib */ = {isa = PBXFileReference; lastKnownFileType = "compiled.mach-o.dylib"; name = libopencv_ccalib.4.5.3.dylib; path = ../../../../../usr/local/Cellar/opencv/4.5.3_2/lib/libopencv_ccalib.4.5.3.dylib; sourceTree = "<group>"; };
		60AB81882738BF750090026F /* libopencv_structured_light.4.5.3.dylib */ = {isa = PBXFileReference; lastKnownFileType = "compiled.mach-o.dylib"; name = libopencv_structured_light.4.5.3.dylib; path = ../../../../../usr/local/Cellar/opencv/4.5.3_2/lib/libopencv_structured_light.4.5.3.dylib; sourceTree = "<group>"; };
		60AB81892738BF750090026F /* libopencv_calib3d.4.5.3.dylib */ = {isa = PBXFileReference; lastKnownFileType = "compiled.mach-o.dylib"; name = libopencv_calib3d.4.5.3.dylib; path = ../../../../../usr/local/Cellar/opencv/4.5.3_2/lib/libopencv_calib3d.4.5.3.dylib; sourceTree = "<group>"; };
		60AB818A2738BF750090026F /* libopencv_stitching.4.5.3.dylib */ = {isa = PBXFileReference; lastKnownFileType = "compiled.mach-o.dylib"; name = libopencv_stitching.4.5.3.dylib; path = ../../../../../usr/local/Cellar/opencv/4.5.3_2/lib/libopencv_stitching.4.5.3.dylib; sourceTree = "<group>"; };
		60AB818B2738BF750090026F /* libopencv_optflow.4.5.3.dylib */ = {isa = PBXFileReference; lastKnownFileType = "compiled.mach-o.dylib"; name = libopencv_optflow.4.5.3.dylib; path = ../../../../../usr/local/Cellar/opencv/4.5.3_2/lib/libopencv_optflow.4.5.3.dylib; sourceTree = "<group>"; };
		60AB818C2738BF750090026F /* libopencv_mcc.4.5.3.dylib */ = {isa = PBXFileReference; lastKnownFileType = "compiled.mach-o.dylib"; name = libopencv_mcc.4.5.3.dylib; path = ../../../../../usr/local/Cellar/opencv/4.5.3_2/lib/libopencv_mcc.4.5.3.dylib; sourceTree = "<group>"; };
		60AB818D2738BF750090026F /* libopencv_bioinspired.4.5.3.dylib */ = {isa = PBXFileReference; lastKnownFileType = "compiled.mach-o.dylib"; name = libopencv_bioinspired.4.5.3.dylib; path = ../../../../../usr/local/Cellar/opencv/4.5.3_2/lib/libopencv_bioinspired.4.5.3.dylib; sourceTree = "<group>"; };
		60AB818E2738BF750090026F /* libopencv_superres.4.5.3.dylib */ = {isa = PBXFileReference; lastKnownFileType = "compiled.mach-o.dylib"; name = libopencv_superres.4.5.3.dylib; path = ../../../../../usr/local/Cellar/opencv/4.5.3_2/lib/libopencv_superres.4.5.3.dylib; sourceTree = "<group>"; };
		60AB818F2738BF750090026F /* libopencv_viz.4.5.3.dylib */ = {isa = PBXFileReference; lastKnownFileType = "compiled.mach-o.dylib"; name = libopencv_viz.4.5.3.dylib; path = ../../../../../usr/local/Cellar/opencv/4.5.3_2/lib/libopencv_viz.4.5.3.dylib; sourceTree = "<group>"; };
		60AB81902738BF750090026F /* libopencv_ximgproc.4.5.3.dylib */ = {isa = PBXFileReference; lastKnownFileType = "compiled.mach-o.dylib"; name = libopencv_ximgproc.4.5.3.dylib; path = ../../../../../usr/local/Cellar/opencv/4.5.3_2/lib/libopencv_ximgproc.4.5.3.dylib; sourceTree = "<group>"; };
		60AB81912738BF750090026F /* libopencv_alphamat.4.5.3.dylib */ = {isa = PBXFileReference; lastKnownFileType = "compiled.mach-o.dylib"; name = libopencv_alphamat.4.5.3.dylib; path = ../../../../../usr/local/Cellar/opencv/4.5.3_2/lib/libopencv_alphamat.4.5.3.dylib; sourceTree = "<group>"; };
		60AB81922738BF750090026F /* libopencv_video.4.5.3.dylib */ = {isa = PBXFileReference; lastKnownFileType = "compiled.mach-o.dylib"; name = libopencv_video.4.5.3.dylib; path = ../../../../../usr/local/Cellar/opencv/4.5.3_2/lib/libopencv_video.4.5.3.dylib; sourceTree = "<group>"; };
		60AB81932738BF750090026F /* libopencv_stereo.4.5.3.dylib */ = {isa = PBXFileReference; lastKnownFileType = "compiled.mach-o.dylib"; name = libopencv_stereo.4.5.3.dylib; path = ../../../../../usr/local/Cellar/opencv/4.5.3_2/lib/libopencv_stereo.4.5.3.dylib; sourceTree = "<group>"; };
		60AB81942738BF750090026F /* libopencv_text.4.5.3.dylib */ = {isa = PBXFileReference; lastKnownFileType = "compiled.mach-o.dylib"; name = libopencv_text.4.5.3.dylib; path = ../../../../../usr/local/Cellar/opencv/4.5.3_2/lib/libopencv_text.4.5.3.dylib; sourceTree = "<group>"; };
		60AB81952738BF750090026F /* libopencv_videoio.4.5.3.dylib */ = {isa = PBXFileReference; lastKnownFileType = "compiled.mach-o.dylib"; name = libopencv_videoio.4.5.3.dylib; path = ../../../../../usr/local/Cellar/opencv/4.5.3_2/lib/libopencv_videoio.4.5.3.dylib; sourceTree = "<group>"; };
		60AB81962738BF750090026F /* libopencv_aruco.4.5.3.dylib */ = {isa = PBXFileReference; lastKnownFileType = "compiled.mach-o.dylib"; name = libopencv_aruco.4.5.3.dylib; path = ../../../../../usr/local/Cellar/opencv/4.5.3_2/lib/libopencv_aruco.4.5.3.dylib; sourceTree = "<group>"; };
		60AB81972738BF750090026F /* libopencv_bgsegm.4.5.3.dylib */ = {isa = PBXFileReference; lastKnownFileType = "compiled.mach-o.dylib"; name = libopencv_bgsegm.4.5.3.dylib; path = ../../../../../usr/local/Cellar/opencv/4.5.3_2/lib/libopencv_bgsegm.4.5.3.dylib; sourceTree = "<group>"; };
		60AB81982738BF750090026F /* libopencv_dnn_superres.4.5.3.dylib */ = {isa = PBXFileReference; lastKnownFileType = "compiled.mach-o.dylib"; name = libopencv_dnn_superres.4.5.3.dylib; path = ../../../../../usr/local/Cellar/opencv/4.5.3_2/lib/libopencv_dnn_superres.4.5.3.dylib; sourceTree = "<group>"; };
		60AB81992738BF760090026F /* libopencv_objdetect.4.5.3.dylib */ = {isa = PBXFileReference; lastKnownFileType = "compiled.mach-o.dylib"; name = libopencv_objdetect.4.5.3.dylib; path = ../../../../../usr/local/Cellar/opencv/4.5.3_2/lib/libopencv_objdetect.4.5.3.dylib; sourceTree = "<group>"; };
		60AB819A2738BF760090026F /* libopencv_wechat_qrcode.4.5.3.dylib */ = {isa = PBXFileReference; lastKnownFileType = "compiled.mach-o.dylib"; name = libopencv_wechat_qrcode.4.5.3.dylib; path = ../../../../../usr/local/Cellar/opencv/4.5.3_2/lib/libopencv_wechat_qrcode.4.5.3.dylib; sourceTree = "<group>"; };
		60AB819B2738BF760090026F /* libopencv_imgcodecs.4.5.3.dylib */ = {isa = PBXFileReference; lastKnownFileType = "compiled.mach-o.dylib"; name = libopencv_imgcodecs.4.5.3.dylib; path = ../../../../../usr/local/Cellar/opencv/4.5.3_2/lib/libopencv_imgcodecs.4.5.3.dylib; sourceTree = "<group>"; };
		60AB819C2738BF760090026F /* libopencv_face.4.5.3.dylib */ = {isa = PBXFileReference; lastKnownFileType = "compiled.mach-o.dylib"; name = libopencv_face.4.5.3.dylib; path = ../../../../../usr/local/Cellar/opencv/4.5.3_2/lib/libopencv_face.4.5.3.dylib; sourceTree = "<group>"; };
/* End PBXFileReference section */

/* Begin PBXFrameworksBuildPhase section */
		2FDFFB401CB27BBC00734AF5 /* Frameworks */ = {
			isa = PBXFrameworksBuildPhase;
			buildActionMask = 2147483647;
			files = (
				60AB81AD2738BF760090026F /* libopencv_features2d.4.5.3.dylib in Frameworks */,
				60AB81FB2738BF780090026F /* libopencv_text.4.5.3.dylib in Frameworks */,
				60AB81A92738BF760090026F /* libopencv_datasets.4.5.3.dylib in Frameworks */,
				60AB81F72738BF780090026F /* libopencv_video.4.5.3.dylib in Frameworks */,
				60AB81E32738BF770090026F /* libopencv_structured_light.4.5.3.dylib in Frameworks */,
				60AB81BD2738BF760090026F /* libopencv_tracking.4.5.3.dylib in Frameworks */,
				60AB81AF2738BF760090026F /* libopencv_img_hash.4.5.3.dylib in Frameworks */,
				60AB81A12738BF760090026F /* libopencv_core.4.5.3.dylib in Frameworks */,
				60AB81ED2738BF780090026F /* libopencv_bioinspired.4.5.3.dylib in Frameworks */,
				60AB81FD2738BF780090026F /* libopencv_videoio.4.5.3.dylib in Frameworks */,
				60AB81C72738BF760090026F /* libopencv_photo.4.5.3.dylib in Frameworks */,
				60AB81EB2738BF780090026F /* libopencv_mcc.4.5.3.dylib in Frameworks */,
				60AB81B92738BF760090026F /* libopencv_intensity_transform.4.5.3.dylib in Frameworks */,
				60AB81DB2738BF770090026F /* libopencv_fuzzy.4.5.3.dylib in Frameworks */,
				60AB81E92738BF770090026F /* libopencv_optflow.4.5.3.dylib in Frameworks */,
				60AB81DD2738BF770090026F /* libopencv_surface_matching.4.5.3.dylib in Frameworks */,
				60AB81C52738BF760090026F /* libopencv_rgbd.4.5.3.dylib in Frameworks */,
				60AB81B52738BF760090026F /* libopencv_dnn.4.5.3.dylib in Frameworks */,
				60AB82072738BF790090026F /* libopencv_wechat_qrcode.4.5.3.dylib in Frameworks */,
				60AB819F2738BF760090026F /* libopencv_ml.4.5.3.dylib in Frameworks */,
				60AB81D92738BF770090026F /* libopencv_phase_unwrapping.4.5.3.dylib in Frameworks */,
				60AB81B72738BF760090026F /* libopencv_hfs.4.5.3.dylib in Frameworks */,
				60AB81DF2738BF770090026F /* libopencv_videostab.4.5.3.dylib in Frameworks */,
				60AB81F52738BF780090026F /* libopencv_alphamat.4.5.3.dylib in Frameworks */,
				60AB81A32738BF760090026F /* libopencv_dpm.4.5.3.dylib in Frameworks */,
				60AB81CF2738BF770090026F /* libopencv_flann.4.5.3.dylib in Frameworks */,
				60AB81F92738BF780090026F /* libopencv_stereo.4.5.3.dylib in Frameworks */,
				60AB81D52738BF770090026F /* libopencv_imgproc.4.5.3.dylib in Frameworks */,
				60AB81AB2738BF760090026F /* libopencv_dnn_objdetect.4.5.3.dylib in Frameworks */,
				60AB820B2738BF790090026F /* libopencv_face.4.5.3.dylib in Frameworks */,
				60AB81EF2738BF780090026F /* libopencv_superres.4.5.3.dylib in Frameworks */,
				60AB81BB2738BF760090026F /* libopencv_xphoto.4.5.3.dylib in Frameworks */,
				60AB81FF2738BF780090026F /* libopencv_aruco.4.5.3.dylib in Frameworks */,
				60AB819D2738BF760090026F /* libopencv_line_descriptor.4.5.3.dylib in Frameworks */,
				60AB81F32738BF780090026F /* libopencv_ximgproc.4.5.3.dylib in Frameworks */,
				60AB81CB2738BF760090026F /* libopencv_xobjdetect.4.5.3.dylib in Frameworks */,
				60AB81D32738BF770090026F /* libopencv_xfeatures2d.4.5.3.dylib in Frameworks */,
				60AB81E72738BF770090026F /* libopencv_stitching.4.5.3.dylib in Frameworks */,
				60AB81B12738BF760090026F /* libopencv_sfm.4.5.3.dylib in Frameworks */,
				60AB82092738BF790090026F /* libopencv_imgcodecs.4.5.3.dylib in Frameworks */,
				60AB81C32738BF760090026F /* libopencv_barcode.4.5.3.dylib in Frameworks */,
				2FD3829F1CB39A8D000E79D5 /* pylon.framework in Frameworks */,
				60AB81BF2738BF760090026F /* libopencv_saliency.4.5.3.dylib in Frameworks */,
				60AB81B32738BF760090026F /* libopencv_reg.4.5.3.dylib in Frameworks */,
				60AB81C92738BF760090026F /* libopencv_rapid.4.5.3.dylib in Frameworks */,
				60AB81F12738BF780090026F /* libopencv_viz.4.5.3.dylib in Frameworks */,
				60AB81A52738BF760090026F /* libopencv_highgui.4.5.3.dylib in Frameworks */,
				60AB81C12738BF760090026F /* libopencv_plot.4.5.3.dylib in Frameworks */,
				60AB81E12738BF770090026F /* libopencv_ccalib.4.5.3.dylib in Frameworks */,
				60AB82012738BF790090026F /* libopencv_bgsegm.4.5.3.dylib in Frameworks */,
				60AB81D72738BF770090026F /* libopencv_shape.4.5.3.dylib in Frameworks */,
				60AB81A72738BF760090026F /* libopencv_gapi.4.5.3.dylib in Frameworks */,
				60AB82032738BF790090026F /* libopencv_dnn_superres.4.5.3.dylib in Frameworks */,
				60AB81CD2738BF760090026F /* libopencv_freetype.4.5.3.dylib in Frameworks */,
				60AB81E52738BF770090026F /* libopencv_calib3d.4.5.3.dylib in Frameworks */,
				60AB82052738BF790090026F /* libopencv_objdetect.4.5.3.dylib in Frameworks */,
				60AB81D12738BF770090026F /* libopencv_quality.4.5.3.dylib in Frameworks */,
			);
			runOnlyForDeploymentPostprocessing = 0;
		};
/* End PBXFrameworksBuildPhase section */

/* Begin PBXGroup section */
		2FDFFB3A1CB27BBC00734AF5 = {
			isa = PBXGroup;
			children = (
				601A674E270FCFD600A00C17 /* CMakeLists.txt */,
				601A674D270FCF9C00A00C17 /* headers */,
				601A674C270FCF8500A00C17 /* src */,
				2FD3829E1CB39A8D000E79D5 /* pylon.framework */,
				2FDFFB441CB27BBC00734AF5 /* Products */,
				601A675A270FDB4100A00C17 /* Frameworks */,
			);
			sourceTree = "<group>";
		};
		2FDFFB441CB27BBC00734AF5 /* Products */ = {
			isa = PBXGroup;
			children = (
				2FDFFB431CB27BBC00734AF5 /* Grab */,
			);
			name = Products;
			sourceTree = "<group>";
		};
		601A674C270FCF8500A00C17 /* src */ = {
			isa = PBXGroup;
			children = (
				60600945272D420300603D56 /* match.hpp */,
				60600943272D420300603D56 /* socket.hpp */,
				60600944272D420300603D56 /* TCPClient.hpp */,
				6005F75E272288B8005839D6 /* TCPClient.cpp */,
				2FD3829C1CB39A6C000E79D5 /* Grab.cpp */,
				601A6754270FD7BB00A00C17 /* socket.cpp */,
				601A6752270FD7B100A00C17 /* match.cpp */,
			);
			path = src;
			sourceTree = "<group>";
		};
		601A674D270FCF9C00A00C17 /* headers */ = {
			isa = PBXGroup;
			children = (
				6005F75F272288B8005839D6 /* TCPClient.hpp */,
				601A6756270FD7C600A00C17 /* socket.hpp */,
				6033C9662704469D00FA1FB2 /* match.hpp */,
			);
			path = headers;
			sourceTree = "<group>";
		};
		601A675A270FDB4100A00C17 /* Frameworks */ = {
			isa = PBXGroup;
			children = (
				60AB81912738BF750090026F /* libopencv_alphamat.4.5.3.dylib */,
				60AB81962738BF750090026F /* libopencv_aruco.4.5.3.dylib */,
				60AB81782738BF740090026F /* libopencv_barcode.4.5.3.dylib */,
				60AB81972738BF750090026F /* libopencv_bgsegm.4.5.3.dylib */,
				60AB818D2738BF750090026F /* libopencv_bioinspired.4.5.3.dylib */,
				60AB81892738BF750090026F /* libopencv_calib3d.4.5.3.dylib */,
				60AB81872738BF750090026F /* libopencv_ccalib.4.5.3.dylib */,
				60AB81672738BF740090026F /* libopencv_core.4.5.3.dylib */,
				60AB816B2738BF740090026F /* libopencv_datasets.4.5.3.dylib */,
				60AB816C2738BF740090026F /* libopencv_dnn_objdetect.4.5.3.dylib */,
				60AB81982738BF750090026F /* libopencv_dnn_superres.4.5.3.dylib */,
				60AB81712738BF740090026F /* libopencv_dnn.4.5.3.dylib */,
				60AB81682738BF740090026F /* libopencv_dpm.4.5.3.dylib */,
				60AB819C2738BF760090026F /* libopencv_face.4.5.3.dylib */,
				60AB816D2738BF740090026F /* libopencv_features2d.4.5.3.dylib */,
				60AB817E2738BF750090026F /* libopencv_flann.4.5.3.dylib */,
				60AB817D2738BF750090026F /* libopencv_freetype.4.5.3.dylib */,
				60AB81842738BF750090026F /* libopencv_fuzzy.4.5.3.dylib */,
				60AB816A2738BF740090026F /* libopencv_gapi.4.5.3.dylib */,
				60AB81722738BF740090026F /* libopencv_hfs.4.5.3.dylib */,
				60AB81692738BF740090026F /* libopencv_highgui.4.5.3.dylib */,
				60AB816E2738BF740090026F /* libopencv_img_hash.4.5.3.dylib */,
				60AB819B2738BF760090026F /* libopencv_imgcodecs.4.5.3.dylib */,
				60AB81812738BF750090026F /* libopencv_imgproc.4.5.3.dylib */,
				60AB81732738BF740090026F /* libopencv_intensity_transform.4.5.3.dylib */,
				60AB81652738BF740090026F /* libopencv_line_descriptor.4.5.3.dylib */,
				60AB818C2738BF750090026F /* libopencv_mcc.4.5.3.dylib */,
				60AB81662738BF740090026F /* libopencv_ml.4.5.3.dylib */,
				60AB81992738BF760090026F /* libopencv_objdetect.4.5.3.dylib */,
				60AB818B2738BF750090026F /* libopencv_optflow.4.5.3.dylib */,
				60AB81832738BF750090026F /* libopencv_phase_unwrapping.4.5.3.dylib */,
				60AB817A2738BF750090026F /* libopencv_photo.4.5.3.dylib */,
				60AB81772738BF740090026F /* libopencv_plot.4.5.3.dylib */,
				60AB817F2738BF750090026F /* libopencv_quality.4.5.3.dylib */,
				60AB817B2738BF750090026F /* libopencv_rapid.4.5.3.dylib */,
				60AB81702738BF740090026F /* libopencv_reg.4.5.3.dylib */,
				60AB81792738BF750090026F /* libopencv_rgbd.4.5.3.dylib */,
				60AB81762738BF740090026F /* libopencv_saliency.4.5.3.dylib */,
				60AB816F2738BF740090026F /* libopencv_sfm.4.5.3.dylib */,
				60AB81822738BF750090026F /* libopencv_shape.4.5.3.dylib */,
				60AB81932738BF750090026F /* libopencv_stereo.4.5.3.dylib */,
				60AB818A2738BF750090026F /* libopencv_stitching.4.5.3.dylib */,
				60AB81882738BF750090026F /* libopencv_structured_light.4.5.3.dylib */,
				60AB818E2738BF750090026F /* libopencv_superres.4.5.3.dylib */,
				60AB81852738BF750090026F /* libopencv_surface_matching.4.5.3.dylib */,
				60AB81942738BF750090026F /* libopencv_text.4.5.3.dylib */,
				60AB81752738BF740090026F /* libopencv_tracking.4.5.3.dylib */,
				60AB81922738BF750090026F /* libopencv_video.4.5.3.dylib */,
				60AB81952738BF750090026F /* libopencv_videoio.4.5.3.dylib */,
				60AB81862738BF750090026F /* libopencv_videostab.4.5.3.dylib */,
				60AB818F2738BF750090026F /* libopencv_viz.4.5.3.dylib */,
				60AB819A2738BF760090026F /* libopencv_wechat_qrcode.4.5.3.dylib */,
				60AB81802738BF750090026F /* libopencv_xfeatures2d.4.5.3.dylib */,
				60AB81902738BF750090026F /* libopencv_ximgproc.4.5.3.dylib */,
				60AB817C2738BF750090026F /* libopencv_xobjdetect.4.5.3.dylib */,
				60AB81742738BF740090026F /* libopencv_xphoto.4.5.3.dylib */,
			);
			name = Frameworks;
			sourceTree = "<group>";
		};
/* End PBXGroup section */

/* Begin PBXNativeTarget section */
		2FDFFB421CB27BBC00734AF5 /* Grab */ = {
			isa = PBXNativeTarget;
			buildConfigurationList = 2FDFFB4A1CB27BBC00734AF5 /* Build configuration list for PBXNativeTarget "Grab" */;
			buildPhases = (
				2FDFFB3F1CB27BBC00734AF5 /* Sources */,
				2FDFFB401CB27BBC00734AF5 /* Frameworks */,
				2FDFFB411CB27BBC00734AF5 /* CopyFiles */,
				606009EE272D43E200603D56 /* Embed Libraries */,
			);
			buildRules = (
			);
			dependencies = (
			);
			name = Grab;
			productName = Grab;
			productReference = 2FDFFB431CB27BBC00734AF5 /* Grab */;
			productType = "com.apple.product-type.tool";
		};
/* End PBXNativeTarget section */

/* Begin PBXProject section */
		2FDFFB3B1CB27BBC00734AF5 /* Project object */ = {
			isa = PBXProject;
			attributes = {
				LastUpgradeCheck = 1250;
				ORGANIZATIONNAME = "";
				TargetAttributes = {
					2FDFFB421CB27BBC00734AF5 = {
						CreatedOnToolsVersion = 7.3;
					};
				};
			};
			buildConfigurationList = 2FDFFB3E1CB27BBC00734AF5 /* Build configuration list for PBXProject "Grab" */;
			compatibilityVersion = "Xcode 9.3";
			developmentRegion = en;
			hasScannedForEncodings = 0;
			knownRegions = (
				en,
				Base,
			);
			mainGroup = 2FDFFB3A1CB27BBC00734AF5;
			productRefGroup = 2FDFFB441CB27BBC00734AF5 /* Products */;
			projectDirPath = "";
			projectRoot = "";
			targets = (
				2FDFFB421CB27BBC00734AF5 /* Grab */,
			);
		};
/* End PBXProject section */

/* Begin PBXSourcesBuildPhase section */
		2FDFFB3F1CB27BBC00734AF5 /* Sources */ = {
			isa = PBXSourcesBuildPhase;
			buildActionMask = 2147483647;
			files = (
				6005F760272288B8005839D6 /* TCPClient.cpp in Sources */,
				2FD3829D1CB39A6C000E79D5 /* Grab.cpp in Sources */,
				601A6755270FD7BB00A00C17 /* socket.cpp in Sources */,
				601A6753270FD7B100A00C17 /* match.cpp in Sources */,
			);
			runOnlyForDeploymentPostprocessing = 0;
		};
/* End PBXSourcesBuildPhase section */

/* Begin XCBuildConfiguration section */
		2FDFFB481CB27BBC00734AF5 /* Debug */ = {
			isa = XCBuildConfiguration;
			buildSettings = {
				ALWAYS_SEARCH_USER_PATHS = NO;
				CLANG_ANALYZER_NONNULL = YES;
				CLANG_CXX_LANGUAGE_STANDARD = "gnu++14";
				CLANG_CXX_LIBRARY = "libc++";
				CLANG_ENABLE_MODULES = YES;
				CLANG_ENABLE_OBJC_ARC = YES;
				CLANG_WARN_BLOCK_CAPTURE_AUTORELEASING = YES;
				CLANG_WARN_BOOL_CONVERSION = YES;
				CLANG_WARN_COMMA = YES;
				CLANG_WARN_CONSTANT_CONVERSION = YES;
				CLANG_WARN_DEPRECATED_OBJC_IMPLEMENTATIONS = YES;
				CLANG_WARN_DIRECT_OBJC_ISA_USAGE = YES_ERROR;
				CLANG_WARN_EMPTY_BODY = YES;
				CLANG_WARN_ENUM_CONVERSION = YES;
				CLANG_WARN_INFINITE_RECURSION = YES;
				CLANG_WARN_INT_CONVERSION = YES;
				CLANG_WARN_NON_LITERAL_NULL_CONVERSION = YES;
				CLANG_WARN_OBJC_IMPLICIT_RETAIN_SELF = YES;
				CLANG_WARN_OBJC_LITERAL_CONVERSION = YES;
				CLANG_WARN_OBJC_ROOT_CLASS = YES_ERROR;
				CLANG_WARN_QUOTED_INCLUDE_IN_FRAMEWORK_HEADER = YES;
				CLANG_WARN_RANGE_LOOP_ANALYSIS = YES;
				CLANG_WARN_STRICT_PROTOTYPES = YES;
				CLANG_WARN_SUSPICIOUS_MOVE = YES;
				CLANG_WARN_UNREACHABLE_CODE = YES;
				CLANG_WARN__DUPLICATE_METHOD_MATCH = YES;
				CODE_SIGN_IDENTITY = "-";
				COPY_PHASE_STRIP = NO;
				DEBUG_INFORMATION_FORMAT = dwarf;
				ENABLE_STRICT_OBJC_MSGSEND = YES;
				ENABLE_TESTABILITY = YES;
				GCC_C_LANGUAGE_STANDARD = gnu11;
				GCC_DYNAMIC_NO_PIC = NO;
				GCC_NO_COMMON_BLOCKS = YES;
				GCC_OPTIMIZATION_LEVEL = 0;
				GCC_PREPROCESSOR_DEFINITIONS = (
					"DEBUG=1",
					"$(inherited)",
				);
				GCC_WARN_64_TO_32_BIT_CONVERSION = YES;
				GCC_WARN_ABOUT_RETURN_TYPE = YES_ERROR;
				GCC_WARN_UNDECLARED_SELECTOR = YES;
				GCC_WARN_UNINITIALIZED_AUTOS = YES_AGGRESSIVE;
				GCC_WARN_UNUSED_FUNCTION = YES;
				GCC_WARN_UNUSED_VARIABLE = YES;
				HEADER_SEARCH_PATHS = (
					"$(SYSTEM_LIBRARY_DIR)/Frameworks/pylon.framework/Headers/**",
					"$USER_LIBRARY_DIR/Frameworks/pylon.framework/Headers/**",
				);
				MACOSX_DEPLOYMENT_TARGET = 11.3;
				MTL_ENABLE_DEBUG_INFO = YES;
				ONLY_ACTIVE_ARCH = YES;
				SDKROOT = macosx;
			};
			name = Debug;
		};
		2FDFFB491CB27BBC00734AF5 /* Release */ = {
			isa = XCBuildConfiguration;
			buildSettings = {
				ALWAYS_SEARCH_USER_PATHS = NO;
				CLANG_ANALYZER_NONNULL = YES;
				CLANG_CXX_LANGUAGE_STANDARD = "gnu++14";
				CLANG_CXX_LIBRARY = "libc++";
				CLANG_ENABLE_MODULES = YES;
				CLANG_ENABLE_OBJC_ARC = YES;
				CLANG_WARN_BLOCK_CAPTURE_AUTORELEASING = YES;
				CLANG_WARN_BOOL_CONVERSION = YES;
				CLANG_WARN_COMMA = YES;
				CLANG_WARN_CONSTANT_CONVERSION = YES;
				CLANG_WARN_DEPRECATED_OBJC_IMPLEMENTATIONS = YES;
				CLANG_WARN_DIRECT_OBJC_ISA_USAGE = YES_ERROR;
				CLANG_WARN_EMPTY_BODY = YES;
				CLANG_WARN_ENUM_CONVERSION = YES;
				CLANG_WARN_INFINITE_RECURSION = YES;
				CLANG_WARN_INT_CONVERSION = YES;
				CLANG_WARN_NON_LITERAL_NULL_CONVERSION = YES;
				CLANG_WARN_OBJC_IMPLICIT_RETAIN_SELF = YES;
				CLANG_WARN_OBJC_LITERAL_CONVERSION = YES;
				CLANG_WARN_OBJC_ROOT_CLASS = YES_ERROR;
				CLANG_WARN_QUOTED_INCLUDE_IN_FRAMEWORK_HEADER = YES;
				CLANG_WARN_RANGE_LOOP_ANALYSIS = YES;
				CLANG_WARN_STRICT_PROTOTYPES = YES;
				CLANG_WARN_SUSPICIOUS_MOVE = YES;
				CLANG_WARN_UNREACHABLE_CODE = YES;
				CLANG_WARN__DUPLICATE_METHOD_MATCH = YES;
				CODE_SIGN_IDENTITY = "-";
				COPY_PHASE_STRIP = NO;
				DEBUG_INFORMATION_FORMAT = "dwarf-with-dsym";
				ENABLE_NS_ASSERTIONS = NO;
				ENABLE_STRICT_OBJC_MSGSEND = YES;
				GCC_C_LANGUAGE_STANDARD = gnu11;
				GCC_NO_COMMON_BLOCKS = YES;
				GCC_WARN_64_TO_32_BIT_CONVERSION = YES;
				GCC_WARN_ABOUT_RETURN_TYPE = YES_ERROR;
				GCC_WARN_UNDECLARED_SELECTOR = YES;
				GCC_WARN_UNINITIALIZED_AUTOS = YES_AGGRESSIVE;
				GCC_WARN_UNUSED_FUNCTION = YES;
				GCC_WARN_UNUSED_VARIABLE = YES;
				HEADER_SEARCH_PATHS = (
					"$(SYSTEM_LIBRARY_DIR)/Frameworks/pylon.framework/Headers/**",
					"$USER_LIBRARY_DIR/Frameworks/pylon.framework/Headers/**",
				);
				MACOSX_DEPLOYMENT_TARGET = 11.3;
				MTL_ENABLE_DEBUG_INFO = NO;
				SDKROOT = macosx;
			};
			name = Release;
		};
		2FDFFB4B1CB27BBC00734AF5 /* Debug */ = {
			isa = XCBuildConfiguration;
			buildSettings = {
				ADDITIONAL_SDKS = "";
				ALWAYS_SEARCH_USER_PATHS = NO;
				CODE_SIGN_IDENTITY = "-";
				FRAMEWORK_SEARCH_PATHS = "$(PYLON_LIBRARY_DIR)/Frameworks";
				HEADER_SEARCH_PATHS = (
					"$(PYLON_LIBRARY_DIR)/Frameworks/pylon.framework/Headers/GenICam",
					/usr/local/include/opencv4,
				);
				LD_RUNPATH_SEARCH_PATHS = "$(PYLON_LIBRARY_DIR)/Frameworks";
				LIBRARY_SEARCH_PATHS = (
					"$(inherited)",
					/usr/local/Cellar/opencv/4.5.3/lib,
					/usr/local/Cellar/opencv/4.5.3_2/lib,
				);
				MACH_O_TYPE = mh_execute;
				MACOSX_DEPLOYMENT_TARGET = 10.14;
				PRODUCT_NAME = "$(TARGET_NAME)";
				PYLON_LIBRARY_DIR = "$(LOCAL_LIBRARY_DIR)";
			};
			name = Debug;
		};
		2FDFFB4C1CB27BBC00734AF5 /* Release */ = {
			isa = XCBuildConfiguration;
			buildSettings = {
				ADDITIONAL_SDKS = "";
				ALWAYS_SEARCH_USER_PATHS = NO;
				CODE_SIGN_IDENTITY = "-";
				FRAMEWORK_SEARCH_PATHS = "$(PYLON_LIBRARY_DIR)/Frameworks";
				HEADER_SEARCH_PATHS = (
					"$(PYLON_LIBRARY_DIR)/Frameworks/pylon.framework/Headers/GenICam",
					/usr/local/include/opencv4,
				);
				LD_RUNPATH_SEARCH_PATHS = "$(PYLON_LIBRARY_DIR)/Frameworks";
				LIBRARY_SEARCH_PATHS = (
					"$(inherited)",
					/usr/local/Cellar/opencv/4.5.3/lib,
					/usr/local/Cellar/opencv/4.5.3_2/lib,
				);
				MACH_O_TYPE = mh_execute;
				MACOSX_DEPLOYMENT_TARGET = 10.14;
				PRODUCT_NAME = "$(TARGET_NAME)";
				PYLON_LIBRARY_DIR = "$(LOCAL_LIBRARY_DIR)";
			};
			name = Release;
		};
/* End XCBuildConfiguration section */

/* Begin XCConfigurationList section */
		2FDFFB3E1CB27BBC00734AF5 /* Build configuration list for PBXProject "Grab" */ = {
			isa = XCConfigurationList;
			buildConfigurations = (
				2FDFFB481CB27BBC00734AF5 /* Debug */,
				2FDFFB491CB27BBC00734AF5 /* Release */,
			);
			defaultConfigurationIsVisible = 0;
			defaultConfigurationName = Release;
		};
		2FDFFB4A1CB27BBC00734AF5 /* Build configuration list for PBXNativeTarget "Grab" */ = {
			isa = XCConfigurationList;
			buildConfigurations = (
				2FDFFB4B1CB27BBC00734AF5 /* Debug */,
				2FDFFB4C1CB27BBC00734AF5 /* Release */,
			);
			defaultConfigurationIsVisible = 0;
			defaultConfigurationName = Release;
		};
/* End XCConfigurationList section */
	};
	rootObject = 2FDFFB3B1CB27BBC00734AF5 /* Project object */;
}
